// !$*UTF8*$!
{
	archiveVersion = 1;
	classes = {
	};
	objectVersion = 46;
	objects = {

/* Begin PBXBuildFile section */
		A4866A5F1C8AB6A9006F1BBA /* main.cpp in Sources */ = {isa = PBXBuildFile; fileRef = A4866A5E1C8AB6A9006F1BBA /* main.cpp */; };
		A4866A661C8AB6B8006F1BBA /* Cocoa.framework in Frameworks */ = {isa = PBXBuildFile; fileRef = A4866A651C8AB6B8006F1BBA /* Cocoa.framework */; };
		A4866A681C8AB6BD006F1BBA /* OpenGL.framework in Frameworks */ = {isa = PBXBuildFile; fileRef = A4866A671C8AB6BD006F1BBA /* OpenGL.framework */; };
		A4866A6A1C8AB6C3006F1BBA /* GLUT.framework in Frameworks */ = {isa = PBXBuildFile; fileRef = A4866A691C8AB6C3006F1BBA /* GLUT.framework */; };
/* End PBXBuildFile section */

/* Begin PBXCopyFilesBuildPhase section */
		A4866A591C8AB6A9006F1BBA /* CopyFiles */ = {
			isa = PBXCopyFilesBuildPhase;
			buildActionMask = 2147483647;
			dstPath = /usr/share/man/man1/;
			dstSubfolderSpec = 0;
			files = (
			);
			runOnlyForDeploymentPostprocessing = 1;
		};
/* End PBXCopyFilesBuildPhase section */

/* Begin PBXFileReference section */
		A4866A5B1C8AB6A9006F1BBA /* CS155Project3-Robot */ = {isa = PBXFileReference; explicitFileType = "compiled.mach-o.executable"; includeInIndex = 0; path = "CS155Project3-Robot"; sourceTree = BUILT_PRODUCTS_DIR; };
		A4866A5E1C8AB6A9006F1BBA /* main.cpp */ = {isa = PBXFileReference; lastKnownFileType = sourcecode.cpp.cpp; path = main.cpp; sourceTree = "<group>"; };
		A4866A651C8AB6B8006F1BBA /* Cocoa.framework */ = {isa = PBXFileReference; lastKnownFileType = wrapper.framework; name = Cocoa.framework; path = System/Library/Frameworks/Cocoa.framework; sourceTree = SDKROOT; };
		A4866A671C8AB6BD006F1BBA /* OpenGL.framework */ = {isa = PBXFileReference; lastKnownFileType = wrapper.framework; name = OpenGL.framework; path = System/Library/Frameworks/OpenGL.framework; sourceTree = SDKROOT; };
		A4866A691C8AB6C3006F1BBA /* GLUT.framework */ = {isa = PBXFileReference; lastKnownFileType = wrapper.framework; name = GLUT.framework; path = System/Library/Frameworks/GLUT.framework; sourceTree = SDKROOT; };
/* End PBXFileReference section */

/* Begin PBXFrameworksBuildPhase section */
		A4866A581C8AB6A9006F1BBA /* Frameworks */ = {
			isa = PBXFrameworksBuildPhase;
			buildActionMask = 2147483647;
			files = (
				A4866A6A1C8AB6C3006F1BBA /* GLUT.framework in Frameworks */,
				A4866A681C8AB6BD006F1BBA /* OpenGL.framework in Frameworks */,
				A4866A661C8AB6B8006F1BBA /* Cocoa.framework in Frameworks */,
			);
			runOnlyForDeploymentPostprocessing = 0;
		};
/* End PBXFrameworksBuildPhase section */

/* Begin PBXGroup section */
		A4866A521C8AB6A9006F1BBA = {
			isa = PBXGroup;
			children = (
				A4866A691C8AB6C3006F1BBA /* GLUT.framework */,
				A4866A671C8AB6BD006F1BBA /* OpenGL.framework */,
				A4866A651C8AB6B8006F1BBA /* Cocoa.framework */,
				A4866A5D1C8AB6A9006F1BBA /* CS155Project3-Robot */,
				A4866A5C1C8AB6A9006F1BBA /* Products */,
			);
			sourceTree = "<group>";
		};
		A4866A5C1C8AB6A9006F1BBA /* Products */ = {
			isa = PBXGroup;
			children = (
				A4866A5B1C8AB6A9006F1BBA /* CS155Project3-Robot */,
			);
			name = Products;
			sourceTree = "<group>";
		};
		A4866A5D1C8AB6A9006F1BBA /* CS155Project3-Robot */ = {
			isa = PBXGroup;
			children = (
				A4866A5E1C8AB6A9006F1BBA /* main.cpp */,
			);
			path = "CS155Project3-Robot";
			sourceTree = "<group>";
		};
/* End PBXGroup section */

/* Begin PBXNativeTarget section */
		A4866A5A1C8AB6A9006F1BBA /* CS155Project3-Robot */ = {
			isa = PBXNativeTarget;
			buildConfigurationList = A4866A621C8AB6A9006F1BBA /* Build configuration list for PBXNativeTarget "CS155Project3-Robot" */;
			buildPhases = (
				A4866A571C8AB6A9006F1BBA /* Sources */,
				A4866A581C8AB6A9006F1BBA /* Frameworks */,
				A4866A591C8AB6A9006F1BBA /* CopyFiles */,
			);
			buildRules = (
			);
			dependencies = (
			);
			name = "CS155Project3-Robot";
			productName = "CS155Project3-Robot";
			productReference = A4866A5B1C8AB6A9006F1BBA /* CS155Project3-Robot */;
			productType = "com.apple.product-type.tool";
		};
/* End PBXNativeTarget section */

/* Begin PBXProject section */
		A4866A531C8AB6A9006F1BBA /* Project object */ = {
			isa = PBXProject;
			attributes = {
				LastUpgradeCheck = 0630;
				ORGANIZATIONNAME = "Xiaotian Wang";
				TargetAttributes = {
					A4866A5A1C8AB6A9006F1BBA = {
						CreatedOnToolsVersion = 6.3;
					};
				};
			};
			buildConfigurationList = A4866A561C8AB6A9006F1BBA /* Build configuration list for PBXProject "CS155Project3-Robot" */;
			compatibilityVersion = "Xcode 3.2";
			developmentRegion = English;
			hasScannedForEncodings = 0;
			knownRegions = (
				en,
			);
			mainGroup = A4866A521C8AB6A9006F1BBA;
			productRefGroup = A4866A5C1C8AB6A9006F1BBA /* Products */;
			projectDirPath = "";
			projectRoot = "";
			targets = (
				A4866A5A1C8AB6A9006F1BBA /* CS155Project3-Robot */,
			);
		};
/* End PBXProject section */

/* Begin PBXSourcesBuildPhase section */
		A4866A571C8AB6A9006F1BBA /* Sources */ = {
			isa = PBXSourcesBuildPhase;
			buildActionMask = 2147483647;
			files = (
				A4866A5F1C8AB6A9006F1BBA /* main.cpp in Sources */,
			);
			runOnlyForDeploymentPostprocessing = 0;
		};
/* End PBXSourcesBuildPhase section */

/* Begin XCBuildConfiguration section */
		A4866A601C8AB6A9006F1BBA /* Debug */ = {
			isa = XCBuildConfiguration;
			buildSettings = {
				ALWAYS_SEARCH_USER_PATHS = NO;
				CLANG_CXX_LANGUAGE_STANDARD = "gnu++0x";
				CLANG_CXX_LIBRARY = "libc++";
				CLANG_ENABLE_MODULES = YES;
				CLANG_ENABLE_OBJC_ARC = YES;
				CLANG_WARN_BOOL_CONVERSION = YES;
				CLANG_WARN_CONSTANT_CONVERSION = YES;
				CLANG_WARN_DIRECT_OBJC_ISA_USAGE = YES_ERROR;
				CLANG_WARN_EMPTY_BODY = YES;
				CLANG_WARN_ENUM_CONVERSION = YES;
				CLANG_WARN_INT_CONVERSION = YES;
				CLANG_WARN_OBJC_ROOT_CLASS = YES_ERROR;
				CLANG_WARN_UNREACHABLE_CODE = YES;
				CLANG_WARN__DUPLICATE_METHOD_MATCH = YES;
				COPY_PHASE_STRIP = NO;
				DEBUG_INFORMATION_FORMAT = dwarf;
				ENABLE_STRICT_OBJC_MSGSEND = YES;
				GCC_C_LANGUAGE_STANDARD = gnu99;
				GCC_DYNAMIC_NO_PIC = NO;
				GCC_NO_COMMON_BLOCKS = YES;
				GCC_OPTIMIZATION_LEVEL = 0;
				GCC_PREPROCESSOR_DEFINITIONS = (
					"DEBUG=1",
					"$(inherited)",
				);
				GCC_SYMBOLS_PRIVATE_EXTERN = NO;
				GCC_WARN_64_TO_32_BIT_CONVERSION = YES;
				GCC_WARN_ABOUT_RETURN_TYPE = YES_ERROR;
				GCC_WARN_UNDECLARED_SELECTOR = YES;
				GCC_WARN_UNINITIALIZED_AUTOS = YES_AGGRESSIVE;
				GCC_WARN_UNUSED_FUNCTION = YES;
				GCC_WARN_UNUSED_VARIABLE = YES;
				MACOSX_DEPLOYMENT_TARGET = 10.11;
				MTL_ENABLE_DEBUG_INFO = YES;
				ONLY_ACTIVE_ARCH = YES;
				SDKROOT = macosx;
			};
			name = Debug;
		};
		A4866A611C8AB6A9006F1BBA /* Release */ = {
			isa = XCBuildConfiguration;
			buildSettings = {
				ALWAYS_SEARCH_USER_PATHS = NO;
				CLANG_CXX_LANGUAGE_STANDARD = "gnu++0x";
				CLANG_CXX_LIBRARY = "libc++";
				CLANG_ENABLE_MODULES = YES;
				CLANG_ENABLE_OBJC_ARC = YES;
				CLANG_WARN_BOOL_CONVERSION = YES;
				CLANG_WARN_CONSTANT_CONVERSION = YES;
				CLANG_WARN_DIRECT_OBJC_ISA_USAGE = YES_ERROR;
				CLANG_WARN_EMPTY_BODY = YES;
				CLANG_WARN_ENUM_CONVERSION = YES;
				CLANG_WARN_INT_CONVERSION = YES;
				CLANG_WARN_OBJC_ROOT_CLASS = YES_ERROR;
				CLANG_WARN_UNREACHABLE_CODE = YES;
				CLANG_WARN__DUPLICATE_METHOD_MATCH = YES;
				COPY_PHASE_STRIP = NO;
				DEBUG_INFORMATION_FORMAT = "dwarf-with-dsym";
				ENABLE_NS_ASSERTIONS = NO;
				ENABLE_STRICT_OBJC_MSGSEND = YES;
				GCC_C_LANGUAGE_STANDARD = gnu99;
				GCC_NO_COMMON_BLOCKS = YES;
				GCC_WARN_64_TO_32_BIT_CONVERSION = YES;
				GCC_WARN_ABOUT_RETURN_TYPE = YES_ERROR;
				GCC_WARN_UNDECLARED_SELECTOR = YES;
				GCC_WARN_UNINITIALIZED_AUTOS = YES_AGGRESSIVE;
				GCC_WARN_UNUSED_FUNCTION = YES;
				GCC_WARN_UNUSED_VARIABLE = YES;
				MACOSX_DEPLOYMENT_TARGET = 10.11;
				MTL_ENABLE_DEBUG_INFO = NO;
				SDKROOT = macosx;
			};
			name = Release;
		};
		A4866A631C8AB6A9006F1BBA /* Debug */ = {
			isa = XCBuildConfiguration;
			buildSettings = {
				PRODUCT_NAME = "$(TARGET_NAME)";
			};
			name = Debug;
		};
		A4866A641C8AB6A9006F1BBA /* Release */ = {
			isa = XCBuildConfiguration;
			buildSettings = {
				PRODUCT_NAME = "$(TARGET_NAME)";
			};
			name = Release;
		};
/* End XCBuildConfiguration section */

/* Begin XCConfigurationList section */
		A4866A561C8AB6A9006F1BBA /* Build configuration list for PBXProject "CS155Project3-Robot" */ = {
			isa = XCConfigurationList;
			buildConfigurations = (
				A4866A601C8AB6A9006F1BBA /* Debug */,
				A4866A611C8AB6A9006F1BBA /* Release */,
			);
			defaultConfigurationIsVisible = 0;
			defaultConfigurationName = Release;
		};
		A4866A621C8AB6A9006F1BBA /* Build configuration list for PBXNativeTarget "CS155Project3-Robot" */ = {
			isa = XCConfigurationList;
			buildConfigurations = (
				A4866A631C8AB6A9006F1BBA /* Debug */,
				A4866A641C8AB6A9006F1BBA /* Release */,
			);
			defaultConfigurationIsVisible = 0;
		};
/* End XCConfigurationList section */
	};
	rootObject = A4866A531C8AB6A9006F1BBA /* Project object */;
}
